
Microsoft Visual Studio Solution File, Format Version 12.00
# Visual Studio Version 17
VisualStudioVersion = 17.1.32210.238
MinimumVisualStudioVersion = 10.0.40219.1
Project("{9A19103F-16F7-4668-BE54-9A1E7A4F7556}") = "Data", "Data\Data.csproj", "{A9760E7E-1ECC-45F5-872D-96F5352CCCAC}"
EndProject
Project("{9A19103F-16F7-4668-BE54-9A1E7A4F7556}") = "Model", "Model\Model.csproj", "{666F92CF-9DC0-4F81-B4A8-25DAC9BBA765}"
EndProject
Project("{9A19103F-16F7-4668-BE54-9A1E7A4F7556}") = "Tests", "Tests\Tests.csproj", "{8181CBC5-F5F7-4BE0-9D27-0E25C18A91D4}"
EndProject
Project("{9A19103F-16F7-4668-BE54-9A1E7A4F7556}") = "ViewModel", "ViewModel\ViewModel.csproj", "{A0372B9A-89C3-4721-8EB9-93A93A4F4009}"
EndProject
Project("{9A19103F-16F7-4668-BE54-9A1E7A4F7556}") = "View", "View\View.csproj", "{9E9A2FB1-C927-4F48-8C72-20EDAC34BB00}"
EndProject
Project("{9A19103F-16F7-4668-BE54-9A1E7A4F7556}") = "LogicLayer", "LogicLayer\LogicLayer.csproj", "{093E6477-EA3C-4C1D-A7B7-B3E983196A2B}"
EndProject
Project("{2150E333-8FDC-42A3-9474-1A3956D46DE8}") = "Presentation", "Presentation", "{3935399C-FE0C-4186-B55C-2FB8CAFD594F}"
EndProject
Global
	GlobalSection(SolutionConfigurationPlatforms) = preSolution
		Debug|Any CPU = Debug|Any CPU
		Release|Any CPU = Release|Any CPU
	EndGlobalSection
	GlobalSection(ProjectConfigurationPlatforms) = postSolution
		{A9760E7E-1ECC-45F5-872D-96F5352CCCAC}.Debug|Any CPU.ActiveCfg = Debug|Any CPU
		{A9760E7E-1ECC-45F5-872D-96F5352CCCAC}.Debug|Any CPU.Build.0 = Debug|Any CPU
		{A9760E7E-1ECC-45F5-872D-96F5352CCCAC}.Release|Any CPU.ActiveCfg = Release|Any CPU
		{A9760E7E-1ECC-45F5-872D-96F5352CCCAC}.Release|Any CPU.Build.0 = Release|Any CPU
		{666F92CF-9DC0-4F81-B4A8-25DAC9BBA765}.Debug|Any CPU.ActiveCfg = Debug|Any CPU
		{666F92CF-9DC0-4F81-B4A8-25DAC9BBA765}.Debug|Any CPU.Build.0 = Debug|Any CPU
		{666F92CF-9DC0-4F81-B4A8-25DAC9BBA765}.Release|Any CPU.ActiveCfg = Release|Any CPU
		{666F92CF-9DC0-4F81-B4A8-25DAC9BBA765}.Release|Any CPU.Build.0 = Release|Any CPU
		{8181CBC5-F5F7-4BE0-9D27-0E25C18A91D4}.Debug|Any CPU.ActiveCfg = Debug|Any CPU
		{8181CBC5-F5F7-4BE0-9D27-0E25C18A91D4}.Debug|Any CPU.Build.0 = Debug|Any CPU
		{8181CBC5-F5F7-4BE0-9D27-0E25C18A91D4}.Release|Any CPU.ActiveCfg = Release|Any CPU
		{8181CBC5-F5F7-4BE0-9D27-0E25C18A91D4}.Release|Any CPU.Build.0 = Release|Any CPU
		{A0372B9A-89C3-4721-8EB9-93A93A4F4009}.Debug|Any CPU.ActiveCfg = Debug|Any CPU
		{A0372B9A-89C3-4721-8EB9-93A93A4F4009}.Debug|Any CPU.Build.0 = Debug|Any CPU
		{A0372B9A-89C3-4721-8EB9-93A93A4F4009}.Release|Any CPU.ActiveCfg = Release|Any CPU
		{A0372B9A-89C3-4721-8EB9-93A93A4F4009}.Release|Any CPU.Build.0 = Release|Any CPU
		{9E9A2FB1-C927-4F48-8C72-20EDAC34BB00}.Debug|Any CPU.ActiveCfg = Debug|Any CPU
		{9E9A2FB1-C927-4F48-8C72-20EDAC34BB00}.Debug|Any CPU.Build.0 = Debug|Any CPU
		{9E9A2FB1-C927-4F48-8C72-20EDAC34BB00}.Release|Any CPU.ActiveCfg = Release|Any CPU
		{9E9A2FB1-C927-4F48-8C72-20EDAC34BB00}.Release|Any CPU.Build.0 = Release|Any CPU
		{093E6477-EA3C-4C1D-A7B7-B3E983196A2B}.Debug|Any CPU.ActiveCfg = Debug|Any CPU
		{093E6477-EA3C-4C1D-A7B7-B3E983196A2B}.Debug|Any CPU.Build.0 = Debug|Any CPU
		{093E6477-EA3C-4C1D-A7B7-B3E983196A2B}.Release|Any CPU.ActiveCfg = Release|Any CPU
		{093E6477-EA3C-4C1D-A7B7-B3E983196A2B}.Release|Any CPU.Build.0 = Release|Any CPU
	EndGlobalSection
	GlobalSection(SolutionProperties) = preSolution
		HideSolutionNode = FALSE
	EndGlobalSection
	GlobalSection(NestedProjects) = preSolution
		{666F92CF-9DC0-4F81-B4A8-25DAC9BBA765} = {3935399C-FE0C-4186-B55C-2FB8CAFD594F}
		{A0372B9A-89C3-4721-8EB9-93A93A4F4009} = {3935399C-FE0C-4186-B55C-2FB8CAFD594F}
		{9E9A2FB1-C927-4F48-8C72-20EDAC34BB00} = {3935399C-FE0C-4186-B55C-2FB8CAFD594F}
	EndGlobalSection
	GlobalSection(ExtensibilityGlobals) = postSolution
		SolutionGuid = {6FA79B0F-3CF8-4A4E-A87E-457F3161B4D9}
	EndGlobalSection
EndGlobal
